PODS:
  - Flutter (1.0.0)
  - flutter_local_notifications (0.0.1):
    - Flutter
  - flutter_native_splash (2.4.3):
    - Flutter
  - flutter_timezone (0.0.1):
    - Flutter
  - geocoding_ios (1.0.5):
    - Flutter
  - geolocator_apple (1.2.0):
    - Flutter
    - FlutterMacOS
  - package_info_plus (0.4.5):
    - Flutter
  - shared_preferences_foundation (0.0.1):
    - Flutter
    - FlutterMacOS
  - "sweph (3.2.1+2.10.3)":
    - Flutter

DEPENDENCIES:
  - Flutter (from `Flutter`)
  - flutter_local_notifications (from `.symlinks/plugins/flutter_local_notifications/ios`)
  - flutter_native_splash (from `.symlinks/plugins/flutter_native_splash/ios`)
  - flutter_timezone (from `.symlinks/plugins/flutter_timezone/ios`)
  - geocoding_ios (from `.symlinks/plugins/geocoding_ios/ios`)
  - geolocator_apple (from `.symlinks/plugins/geolocator_apple/darwin`)
  - package_info_plus (from `.symlinks/plugins/package_info_plus/ios`)
  - shared_preferences_foundation (from `.symlinks/plugins/shared_preferences_foundation/darwin`)
  - sweph (from `.symlinks/plugins/sweph/ios`)

EXTERNAL SOURCES:
  Flutter:
    :path: Flutter
  flutter_local_notifications:
    :path: ".symlinks/plugins/flutter_local_notifications/ios"
  flutter_native_splash:
    :path: ".symlinks/plugins/flutter_native_splash/ios"
  flutter_timezone:
    :path: ".symlinks/plugins/flutter_timezone/ios"
  geocoding_ios:
    :path: ".symlinks/plugins/geocoding_ios/ios"
  geolocator_apple:
    :path: ".symlinks/plugins/geolocator_apple/darwin"
  package_info_plus:
    :path: ".symlinks/plugins/package_info_plus/ios"
  shared_preferences_foundation:
    :path: ".symlinks/plugins/shared_preferences_foundation/darwin"
  sweph:
    :path: ".symlinks/plugins/sweph/ios"

SPEC CHECKSUMS:
  Flutter: cabc95a1d2626b1b06e7179b784ebcf0c0cde467
  flutter_local_notifications: 4cde75091f6327eb8517fa068a0a5950212d2086
  flutter_native_splash: df59bb2e1421aa0282cb2e95618af4dcb0c56c29
  flutter_timezone: ac3da59ac941ff1c98a2e1f0293420e020120282
  geocoding_ios: eafacae6ad11a1eb56681f7d11df602a5fd49416
  geolocator_apple: 66b711889fd333205763b83c9dcf0a57a28c7afd
  package_info_plus: c0502532a26c7662a62a356cebe2692ec5fe4ec4
  shared_preferences_foundation: 5086985c1d43c5ba4d5e69a4e8083a389e2909e6
  sweph: 2f58520dfa28721515fdfa83663df11803a18421

PODFILE CHECKSUM: 215e08d01141135ded20d3029a326f3e5cd9bcb2

COCOAPODS: 1.16.2
